{
  "name": "fe-max--shopping",
  "version": "1.0.0",
  "lockfileVersion": 3,
  "requires": true,
  "packages": {
    "": {
      "name": "fe-max--shopping",
      "version": "1.0.0",
      "license": "ISC",
      "dependencies": {
        "pretendard": "^1.3.6"
      }
    },
    "node_modules/pretendard": {
      "version": "1.3.6",
      "resolved": "https://registry.npmjs.org/pretendard/-/pretendard-1.3.6.tgz",
      "integrity": "sha512-JdImekU/moL3Qr+QqvFmZobYkwYQPA/8PoZ0ptOKNju+laE1xG9SxuxfpYLowfUeOcY+glQB6uINJsD5WAHFDw=="
    }
  }
}
